
Microsoft Visual Studio Solution File, Format Version 12.00
# Visual Studio 2013
VisualStudioVersion = 12.0.30501.0
MinimumVisualStudioVersion = 10.0.40219.1
Project("{FAE04EC0-301F-11D3-BF4B-00C04F79EFBC}") = "RhysG.MSBuild.Azure", "RhysG.MSBuild.Azure.csproj", "{CA92587A-63F7-4596-9467-F124691EBB05}"
EndProject
Project("{2150E333-8FDC-42A3-9474-1A3956D46DE8}") = "Solution Items", "Solution Items", "{08BC4702-1334-4F63-AC5A-DCD09F2E86AB}"
	ProjectSection(SolutionItems) = preProject
		.gitattributes = .gitattributes
		.gitignore = .gitignore
		RhysG.MSBuild.Azure.nuspec = RhysG.MSBuild.Azure.nuspec
	EndProjectSection
EndProject
Project("{2150E333-8FDC-42A3-9474-1A3956D46DE8}") = ".nuget", ".nuget", "{CAE0BDBA-8DF5-4583-8970-FD4345CBC1C5}"
	ProjectSection(SolutionItems) = preProject
		.nuget\NuGet.Config = .nuget\NuGet.Config
		.nuget\NuGet.exe = .nuget\NuGet.exe
		.nuget\NuGet.targets = .nuget\NuGet.targets
	EndProjectSection
EndProject
Global
	GlobalSection(SolutionConfigurationPlatforms) = preSolution
		Debug|Any CPU = Debug|Any CPU
		Release|Any CPU = Release|Any CPU
	EndGlobalSection
	GlobalSection(ProjectConfigurationPlatforms) = postSolution
		{CA92587A-63F7-4596-9467-F124691EBB05}.Debug|Any CPU.ActiveCfg = Debug|Any CPU
		{CA92587A-63F7-4596-9467-F124691EBB05}.Debug|Any CPU.Build.0 = Debug|Any CPU
		{CA92587A-63F7-4596-9467-F124691EBB05}.Release|Any CPU.ActiveCfg = Release|Any CPU
		{CA92587A-63F7-4596-9467-F124691EBB05}.Release|Any CPU.Build.0 = Release|Any CPU
	EndGlobalSection
	GlobalSection(SolutionProperties) = preSolution
		HideSolutionNode = FALSE
	EndGlobalSection
EndGlobal
